
Microsoft Visual Studio Solution File, Format Version 12.00
# Visual Studio 14
VisualStudioVersion = 14.0.24720.0
MinimumVisualStudioVersion = 10.0.40219.1
Project("{2150E333-8FDC-42A3-9474-1A3956D46DE8}") = "src", "src", "{7BC8ECB0-AC74-4545-9155-1626F632C308}"
EndProject
Project("{2150E333-8FDC-42A3-9474-1A3956D46DE8}") = "Solution Items", "Solution Items", "{0EEECA28-7ECC-42D9-ADEB-C2FA5B3A689D}"
	ProjectSection(SolutionItems) = preProject
		global.json = global.json
	EndProjectSection
EndProject
Project("{8BB2217D-0F2D-49D1-97BC-3654ED321F3B}") = "Inventory", "src\Inventory\Inventory.xproj", "{069EAA1B-D0ED-4728-AB8E-F6C6CAFB2DDA}"
EndProject
Global
	GlobalSection(SolutionConfigurationPlatforms) = preSolution
		Debug|Any CPU = Debug|Any CPU
		Release|Any CPU = Release|Any CPU
	EndGlobalSection
	GlobalSection(ProjectConfigurationPlatforms) = postSolution
		{069EAA1B-D0ED-4728-AB8E-F6C6CAFB2DDA}.Debug|Any CPU.ActiveCfg = Debug|Any CPU
		{069EAA1B-D0ED-4728-AB8E-F6C6CAFB2DDA}.Debug|Any CPU.Build.0 = Debug|Any CPU
		{069EAA1B-D0ED-4728-AB8E-F6C6CAFB2DDA}.Release|Any CPU.ActiveCfg = Release|Any CPU
		{069EAA1B-D0ED-4728-AB8E-F6C6CAFB2DDA}.Release|Any CPU.Build.0 = Release|Any CPU
	EndGlobalSection
	GlobalSection(SolutionProperties) = preSolution
		HideSolutionNode = FALSE
	EndGlobalSection
	GlobalSection(NestedProjects) = preSolution
		{069EAA1B-D0ED-4728-AB8E-F6C6CAFB2DDA} = {7BC8ECB0-AC74-4545-9155-1626F632C308}
	EndGlobalSection
EndGlobal
